
Microsoft Visual Studio Solution File, Format Version 12.00
# Visual Studio 15
VisualStudioVersion = 15.0.28307.1062
MinimumVisualStudioVersion = 10.0.40219.1
Project("{FAE04EC0-301F-11D3-BF4B-00C04F79EFBC}") = "CSharp_NewFeatures", "CSharp_NewFeatures\CSharp_NewFeatures.csproj", "{EBAF25A8-C7DC-4001-97E1-3F5D68B66008}"
EndProject
Global
	GlobalSection(SolutionConfigurationPlatforms) = preSolution
		Debug|Any CPU = Debug|Any CPU
		Release|Any CPU = Release|Any CPU
	EndGlobalSection
	GlobalSection(ProjectConfigurationPlatforms) = postSolution
		{EBAF25A8-C7DC-4001-97E1-3F5D68B66008}.Debug|Any CPU.ActiveCfg = Debug|Any CPU
		{EBAF25A8-C7DC-4001-97E1-3F5D68B66008}.Debug|Any CPU.Build.0 = Debug|Any CPU
		{EBAF25A8-C7DC-4001-97E1-3F5D68B66008}.Release|Any CPU.ActiveCfg = Release|Any CPU
		{EBAF25A8-C7DC-4001-97E1-3F5D68B66008}.Release|Any CPU.Build.0 = Release|Any CPU
	EndGlobalSection
	GlobalSection(SolutionProperties) = preSolution
		HideSolutionNode = FALSE
	EndGlobalSection
	GlobalSection(ExtensibilityGlobals) = postSolution
		SolutionGuid = {964C58BC-C734-44EE-B9FA-310A60068EE6}
	EndGlobalSection
EndGlobal
